<?xml version="1.0" encoding="utf-8"?>
<Project ToolsVersion="18.0" xmlns="http://schemas.microsoft.com/developer/msbuild/2003">
  <ItemGroup>
    <ClCompile Include="D:\SPHARX-CN\SpharxWorks\AgentOS\agentos\atoms\syscall\src\task.c">
      <Filter>Source Files</Filter>
    </ClCompile>
    <ClCompile Include="D:\SPHARX-CN\SpharxWorks\AgentOS\agentos\atoms\syscall\src\memory.c">
      <Filter>Source Files</Filter>
    </ClCompile>
    <ClCompile Include="D:\SPHARX-CN\SpharxWorks\AgentOS\agentos\atoms\syscall\src\session.c">
      <Filter>Source Files</Filter>
    </ClCompile>
    <ClCompile Include="D:\SPHARX-CN\SpharxWorks\AgentOS\agentos\atoms\syscall\src\telemetry.c">
      <Filter>Source Files</Filter>
    </ClCompile>
    <ClCompile Include="D:\SPHARX-CN\SpharxWorks\AgentOS\agentos\atoms\syscall\src\syscall_entry.c">
      <Filter>Source Files</Filter>
    </ClCompile>
    <ClCompile Include="D:\SPHARX-CN\SpharxWorks\AgentOS\agentos\atoms\syscall\src\syscall_table.c">
      <Filter>Source Files</Filter>
    </ClCompile>
    <ClCompile Include="D:\SPHARX-CN\SpharxWorks\AgentOS\agentos\atoms\syscall\src\agent.c">
      <Filter>Source Files</Filter>
    </ClCompile>
    <ClCompile Include="D:\SPHARX-CN\SpharxWorks\AgentOS\agentos\atoms\syscall\src\skill.c">
      <Filter>Source Files</Filter>
    </ClCompile>
    <ClCompile Include="D:\SPHARX-CN\SpharxWorks\AgentOS\agentos\atoms\syscall\src\sandbox.c">
      <Filter>Source Files</Filter>
    </ClCompile>
    <ClCompile Include="D:\SPHARX-CN\SpharxWorks\AgentOS\agentos\atoms\syscall\src\circuit_breaker.c">
      <Filter>Source Files</Filter>
    </ClCompile>
  </ItemGroup>
  <ItemGroup>
    <CustomBuild Include="D:\SPHARX-CN\SpharxWorks\AgentOS\agentos\atoms\syscall\CMakeLists.txt" />
  </ItemGroup>
  <ItemGroup>
    <Filter Include="Source Files">
      <UniqueIdentifier>{853EC8F3-7AF6-3373-B1A3-A80B3E87B0A2}</UniqueIdentifier>
    </Filter>
  </ItemGroup>
</Project>
