<?xml version="1.0" encoding="utf-8"?>
<Project ToolsVersion="18.0" xmlns="http://schemas.microsoft.com/developer/msbuild/2003">
  <ItemGroup>
    <CustomBuild Include="D:\SPHARX-CN\SpharxWorks\AgentOS\build_test\CMakeFiles\6d945adda0168c30d5d2f34bd6ec8116\INSTALL_force.rule">
      <Filter>CMake Rules</Filter>
    </CustomBuild>
  </ItemGroup>
  <ItemGroup>
    <Filter Include="CMake Rules">
      <UniqueIdentifier>{C00C07C7-03AC-38C1-87CF-0A04000BF507}</UniqueIdentifier>
    </Filter>
  </ItemGroup>
</Project>
