<?xml version="1.0" encoding="UTF-8"?>
<Solution>
	<Configurations>
		<BuildType Name="Debug"/>
		<BuildType Name="Release"/>
		<BuildType Name="MinSizeRel"/>
		<BuildType Name="RelWithDebInfo"/>
		<Platform Name="x64"/>
	</Configurations>
	<Project Path="ALL_BUILD.vcxproj" Type="8bc9ceb8-8b4a-11d0-8d11-00a0c91bc942" Id="f2542f7d-8ce4-3753-a587-dcd09d439d33" DefaultStartup="true">
		<BuildDependency Project="../../../../../ZERO_CHECK.vcxproj"/>
		<BuildDependency Project="agentos_cognition.vcxproj"/>
	</Project>
	<Project Path="INSTALL.vcxproj" Type="8bc9ceb8-8b4a-11d0-8d11-00a0c91bc942" Id="e5513818-fbd3-302f-8c50-1ec03029e1e6">
		<BuildDependency Project="ALL_BUILD.vcxproj"/>
		<BuildDependency Project="../../../../../ZERO_CHECK.vcxproj"/>
		<Build Solution="Debug|*" Project="false"/>
		<Build Solution="Release|*" Project="false"/>
		<Build Solution="MinSizeRel|*" Project="false"/>
		<Build Solution="RelWithDebInfo|*" Project="false"/>
	</Project>
	<Project Path="PACKAGE.vcxproj" Type="8bc9ceb8-8b4a-11d0-8d11-00a0c91bc942" Id="40ab2bcb-3afc-3518-866b-e8beb114dc6a">
		<BuildDependency Project="ALL_BUILD.vcxproj"/>
		<BuildDependency Project="../../../../../ZERO_CHECK.vcxproj"/>
		<Build Solution="Debug|*" Project="false"/>
		<Build Solution="Release|*" Project="false"/>
		<Build Solution="MinSizeRel|*" Project="false"/>
		<Build Solution="RelWithDebInfo|*" Project="false"/>
	</Project>
	<Project Path="../../../../../ZERO_CHECK.vcxproj" Type="8bc9ceb8-8b4a-11d0-8d11-00a0c91bc942" Id="eabeb6e2-21a1-353a-8d93-64b2d13b1b94"/>
	<Project Path="agentos_cognition.vcxproj" Type="8bc9ceb8-8b4a-11d0-8d11-00a0c91bc942" Id="b2c21f8b-fc8c-302f-a153-5d4045e21617">
		<BuildDependency Project="../../../../../ZERO_CHECK.vcxproj"/>
		<BuildDependency Project="../../../corekern/agentos_core.vcxproj"/>
	</Project>
	<Project Path="../../../corekern/agentos_core.vcxproj" Type="8bc9ceb8-8b4a-11d0-8d11-00a0c91bc942" Id="9a96d519-6a5a-3063-be74-8fd58f81a65f">
		<BuildDependency Project="../../../../../ZERO_CHECK.vcxproj"/>
	</Project>
</Solution>
