<?xml version="1.0" encoding="utf-8"?>
<Project ToolsVersion="18.0" xmlns="http://schemas.microsoft.com/developer/msbuild/2003">
  <ItemGroup>
    <ClCompile Include="D:\SPHARX-CN\SpharxWorks\AgentOS\agentos\atoms\coreloopthree\src\cognition\coordinator\arbiter.c">
      <Filter>Source Files</Filter>
    </ClCompile>
    <ClCompile Include="D:\SPHARX-CN\SpharxWorks\AgentOS\agentos\atoms\coreloopthree\src\cognition\coordinator\dual_model.c">
      <Filter>Source Files</Filter>
    </ClCompile>
    <ClCompile Include="D:\SPHARX-CN\SpharxWorks\AgentOS\agentos\atoms\coreloopthree\src\cognition\coordinator\majority.c">
      <Filter>Source Files</Filter>
    </ClCompile>
    <ClCompile Include="D:\SPHARX-CN\SpharxWorks\AgentOS\agentos\atoms\coreloopthree\src\cognition\coordinator\weighted.c">
      <Filter>Source Files</Filter>
    </ClCompile>
    <ClCompile Include="D:\SPHARX-CN\SpharxWorks\AgentOS\agentos\atoms\coreloopthree\src\cognition\dispatcher\ml_based.c">
      <Filter>Source Files</Filter>
    </ClCompile>
    <ClCompile Include="D:\SPHARX-CN\SpharxWorks\AgentOS\agentos\atoms\coreloopthree\src\cognition\dispatcher\priority.c">
      <Filter>Source Files</Filter>
    </ClCompile>
    <ClCompile Include="D:\SPHARX-CN\SpharxWorks\AgentOS\agentos\atoms\coreloopthree\src\cognition\dispatcher\round_robin.c">
      <Filter>Source Files</Filter>
    </ClCompile>
    <ClCompile Include="D:\SPHARX-CN\SpharxWorks\AgentOS\agentos\atoms\coreloopthree\src\cognition\dispatcher\weighted.c">
      <Filter>Source Files</Filter>
    </ClCompile>
    <ClCompile Include="D:\SPHARX-CN\SpharxWorks\AgentOS\agentos\atoms\coreloopthree\src\cognition\engine.c">
      <Filter>Source Files</Filter>
    </ClCompile>
    <ClCompile Include="D:\SPHARX-CN\SpharxWorks\AgentOS\agentos\atoms\coreloopthree\src\cognition\intent_parser.c">
      <Filter>Source Files</Filter>
    </ClCompile>
    <ClCompile Include="D:\SPHARX-CN\SpharxWorks\AgentOS\agentos\atoms\coreloopthree\src\cognition\planner\hierarchical.c">
      <Filter>Source Files</Filter>
    </ClCompile>
    <ClCompile Include="D:\SPHARX-CN\SpharxWorks\AgentOS\agentos\atoms\coreloopthree\src\cognition\planner\ml_planner.c">
      <Filter>Source Files</Filter>
    </ClCompile>
    <ClCompile Include="D:\SPHARX-CN\SpharxWorks\AgentOS\agentos\atoms\coreloopthree\src\cognition\planner\reactive.c">
      <Filter>Source Files</Filter>
    </ClCompile>
    <ClCompile Include="D:\SPHARX-CN\SpharxWorks\AgentOS\agentos\atoms\coreloopthree\src\cognition\planner\reflective.c">
      <Filter>Source Files</Filter>
    </ClCompile>
  </ItemGroup>
  <ItemGroup>
    <CustomBuild Include="D:\SPHARX-CN\SpharxWorks\AgentOS\agentos\atoms\coreloopthree\src\cognition\CMakeLists.txt" />
  </ItemGroup>
  <ItemGroup>
    <Filter Include="Source Files">
      <UniqueIdentifier>{853EC8F3-7AF6-3373-B1A3-A80B3E87B0A2}</UniqueIdentifier>
    </Filter>
  </ItemGroup>
</Project>
