<?xml version="1.0" encoding="UTF-8"?>
<Solution>
	<Configurations>
		<BuildType Name="Debug"/>
		<BuildType Name="Release"/>
		<BuildType Name="MinSizeRel"/>
		<BuildType Name="RelWithDebInfo"/>
		<Platform Name="x64"/>
	</Configurations>
	<Project Path="ALL_BUILD.vcxproj" Type="8bc9ceb8-8b4a-11d0-8d11-00a0c91bc942" Id="f2542f7d-8ce4-3753-a587-dcd09d439d33" DefaultStartup="true">
		<BuildDependency Project="ZERO_CHECK.vcxproj"/>
		<BuildDependency Project="agentos/atoms/coreloopthree/src/cognition/agentos_cognition.vcxproj"/>
		<BuildDependency Project="agentos/commons/agentos_common.vcxproj"/>
		<BuildDependency Project="agentos/atoms/corekern/agentos_core.vcxproj"/>
		<BuildDependency Project="agentos/atoms/coreloopthree/agentos_coreloopthree.vcxproj"/>
		<BuildDependency Project="agentos/atoms/coreloopthree/src/execution/agentos_execution.vcxproj"/>
		<BuildDependency Project="agentos/atoms/memoryrovol/src/agentos_memoryrovol.vcxproj"/>
		<BuildDependency Project="agentos/atoms/syscall/agentos_syscall.vcxproj"/>
		<BuildDependency Project="agentos/cupolas/cupolas.vcxproj"/>
		<BuildDependency Project="agentos/atoms/syscall/test_full_workflow.vcxproj"/>
		<BuildDependency Project="agentos/atoms/syscall/test_syscall_entry.vcxproj"/>
		<BuildDependency Project="agentos/atoms/syscall/test_syscall_extended.vcxproj"/>
		<BuildDependency Project="agentos/atoms/syscall/test_syscall_table.vcxproj"/>
	</Project>
	<Project Path="INSTALL.vcxproj" Type="8bc9ceb8-8b4a-11d0-8d11-00a0c91bc942" Id="e5513818-fbd3-302f-8c50-1ec03029e1e6">
		<BuildDependency Project="ALL_BUILD.vcxproj"/>
		<BuildDependency Project="ZERO_CHECK.vcxproj"/>
		<Build Solution="Debug|*" Project="false"/>
		<Build Solution="Release|*" Project="false"/>
		<Build Solution="MinSizeRel|*" Project="false"/>
		<Build Solution="RelWithDebInfo|*" Project="false"/>
	</Project>
	<Project Path="PACKAGE.vcxproj" Type="8bc9ceb8-8b4a-11d0-8d11-00a0c91bc942" Id="40ab2bcb-3afc-3518-866b-e8beb114dc6a">
		<BuildDependency Project="ALL_BUILD.vcxproj"/>
		<BuildDependency Project="ZERO_CHECK.vcxproj"/>
		<Build Solution="Debug|*" Project="false"/>
		<Build Solution="Release|*" Project="false"/>
		<Build Solution="MinSizeRel|*" Project="false"/>
		<Build Solution="RelWithDebInfo|*" Project="false"/>
	</Project>
	<Project Path="ZERO_CHECK.vcxproj" Type="8bc9ceb8-8b4a-11d0-8d11-00a0c91bc942" Id="eabeb6e2-21a1-353a-8d93-64b2d13b1b94"/>
	<Project Path="agentos/agentos-all.vcxproj" Type="8bc9ceb8-8b4a-11d0-8d11-00a0c91bc942" Id="7bb9289f-6aef-36ba-a080-092b285b8332">
		<BuildDependency Project="ZERO_CHECK.vcxproj"/>
		<Build Solution="Debug|*" Project="false"/>
		<Build Solution="Release|*" Project="false"/>
		<Build Solution="MinSizeRel|*" Project="false"/>
		<Build Solution="RelWithDebInfo|*" Project="false"/>
	</Project>
	<Project Path="agentos/atoms/coreloopthree/src/cognition/agentos_cognition.vcxproj" Type="8bc9ceb8-8b4a-11d0-8d11-00a0c91bc942" Id="b2c21f8b-fc8c-302f-a153-5d4045e21617">
		<BuildDependency Project="ZERO_CHECK.vcxproj"/>
		<BuildDependency Project="agentos/atoms/corekern/agentos_core.vcxproj"/>
	</Project>
	<Project Path="agentos/commons/agentos_common.vcxproj" Type="8bc9ceb8-8b4a-11d0-8d11-00a0c91bc942" Id="f24f3931-33ab-3f33-9410-7a4fb9aff5f1">
		<BuildDependency Project="ZERO_CHECK.vcxproj"/>
	</Project>
	<Project Path="agentos/atoms/corekern/agentos_core.vcxproj" Type="8bc9ceb8-8b4a-11d0-8d11-00a0c91bc942" Id="9a96d519-6a5a-3063-be74-8fd58f81a65f">
		<BuildDependency Project="ZERO_CHECK.vcxproj"/>
	</Project>
	<Project Path="agentos/atoms/coreloopthree/agentos_coreloopthree.vcxproj" Type="8bc9ceb8-8b4a-11d0-8d11-00a0c91bc942" Id="eaf7aeb8-b6c9-316b-991b-11584d45adca">
		<BuildDependency Project="ZERO_CHECK.vcxproj"/>
		<BuildDependency Project="agentos/atoms/coreloopthree/src/cognition/agentos_cognition.vcxproj"/>
		<BuildDependency Project="agentos/atoms/corekern/agentos_core.vcxproj"/>
		<BuildDependency Project="agentos/atoms/coreloopthree/src/execution/agentos_execution.vcxproj"/>
	</Project>
	<Project Path="agentos/atoms/coreloopthree/src/execution/agentos_execution.vcxproj" Type="8bc9ceb8-8b4a-11d0-8d11-00a0c91bc942" Id="c4e663e1-fde0-3bf7-9c58-cf5e185ba49a">
		<BuildDependency Project="ZERO_CHECK.vcxproj"/>
		<BuildDependency Project="agentos/atoms/corekern/agentos_core.vcxproj"/>
	</Project>
	<Project Path="agentos/atoms/memoryrovol/src/agentos_memoryrovol.vcxproj" Type="8bc9ceb8-8b4a-11d0-8d11-00a0c91bc942" Id="84fcbef6-c562-3b46-bfdd-f6a497ea0cc7">
		<BuildDependency Project="ZERO_CHECK.vcxproj"/>
		<BuildDependency Project="agentos/atoms/corekern/agentos_core.vcxproj"/>
	</Project>
	<Project Path="agentos/atoms/syscall/agentos_syscall.vcxproj" Type="8bc9ceb8-8b4a-11d0-8d11-00a0c91bc942" Id="7a95e1a1-7a3f-3a12-8423-23137754545c">
		<BuildDependency Project="ZERO_CHECK.vcxproj"/>
		<BuildDependency Project="agentos/atoms/coreloopthree/src/cognition/agentos_cognition.vcxproj"/>
		<BuildDependency Project="agentos/atoms/corekern/agentos_core.vcxproj"/>
		<BuildDependency Project="agentos/atoms/coreloopthree/agentos_coreloopthree.vcxproj"/>
		<BuildDependency Project="agentos/atoms/coreloopthree/src/execution/agentos_execution.vcxproj"/>
		<BuildDependency Project="agentos/atoms/memoryrovol/src/agentos_memoryrovol.vcxproj"/>
	</Project>
	<Project Path="clean-all.vcxproj" Type="8bc9ceb8-8b4a-11d0-8d11-00a0c91bc942" Id="1894bb56-739d-3577-b5ff-cc9cd3e72d86">
		<BuildDependency Project="ZERO_CHECK.vcxproj"/>
		<Build Solution="Debug|*" Project="false"/>
		<Build Solution="Release|*" Project="false"/>
		<Build Solution="MinSizeRel|*" Project="false"/>
		<Build Solution="RelWithDebInfo|*" Project="false"/>
	</Project>
	<Project Path="agentos/cupolas/cupolas.vcxproj" Type="8bc9ceb8-8b4a-11d0-8d11-00a0c91bc942" Id="445edc2e-2c7c-3605-b49a-addc5af8709b">
		<BuildDependency Project="ZERO_CHECK.vcxproj"/>
		<BuildDependency Project="agentos/commons/agentos_common.vcxproj"/>
	</Project>
	<Project Path="agentos/atoms/syscall/test_full_workflow.vcxproj" Type="8bc9ceb8-8b4a-11d0-8d11-00a0c91bc942" Id="58fbd099-7eef-35a0-ba81-dc67f84b253b">
		<BuildDependency Project="ZERO_CHECK.vcxproj"/>
		<BuildDependency Project="agentos/atoms/coreloopthree/src/cognition/agentos_cognition.vcxproj"/>
		<BuildDependency Project="agentos/atoms/corekern/agentos_core.vcxproj"/>
		<BuildDependency Project="agentos/atoms/coreloopthree/agentos_coreloopthree.vcxproj"/>
		<BuildDependency Project="agentos/atoms/coreloopthree/src/execution/agentos_execution.vcxproj"/>
		<BuildDependency Project="agentos/atoms/memoryrovol/src/agentos_memoryrovol.vcxproj"/>
		<BuildDependency Project="agentos/atoms/syscall/agentos_syscall.vcxproj"/>
	</Project>
	<Project Path="agentos/atoms/syscall/test_syscall_entry.vcxproj" Type="8bc9ceb8-8b4a-11d0-8d11-00a0c91bc942" Id="d284d795-d7df-37d6-a6a9-225735135dba">
		<BuildDependency Project="ZERO_CHECK.vcxproj"/>
		<BuildDependency Project="agentos/atoms/coreloopthree/src/cognition/agentos_cognition.vcxproj"/>
		<BuildDependency Project="agentos/atoms/corekern/agentos_core.vcxproj"/>
		<BuildDependency Project="agentos/atoms/coreloopthree/agentos_coreloopthree.vcxproj"/>
		<BuildDependency Project="agentos/atoms/coreloopthree/src/execution/agentos_execution.vcxproj"/>
		<BuildDependency Project="agentos/atoms/memoryrovol/src/agentos_memoryrovol.vcxproj"/>
		<BuildDependency Project="agentos/atoms/syscall/agentos_syscall.vcxproj"/>
	</Project>
	<Project Path="agentos/atoms/syscall/test_syscall_extended.vcxproj" Type="8bc9ceb8-8b4a-11d0-8d11-00a0c91bc942" Id="5d14cb7c-3c3e-3043-b96c-ec6252a55c33">
		<BuildDependency Project="ZERO_CHECK.vcxproj"/>
		<BuildDependency Project="agentos/atoms/coreloopthree/src/cognition/agentos_cognition.vcxproj"/>
		<BuildDependency Project="agentos/atoms/corekern/agentos_core.vcxproj"/>
		<BuildDependency Project="agentos/atoms/coreloopthree/agentos_coreloopthree.vcxproj"/>
		<BuildDependency Project="agentos/atoms/coreloopthree/src/execution/agentos_execution.vcxproj"/>
		<BuildDependency Project="agentos/atoms/memoryrovol/src/agentos_memoryrovol.vcxproj"/>
		<BuildDependency Project="agentos/atoms/syscall/agentos_syscall.vcxproj"/>
	</Project>
	<Project Path="agentos/atoms/syscall/test_syscall_table.vcxproj" Type="8bc9ceb8-8b4a-11d0-8d11-00a0c91bc942" Id="43134aa5-8a9d-3975-810e-d3eb53929ec5">
		<BuildDependency Project="ZERO_CHECK.vcxproj"/>
		<BuildDependency Project="agentos/atoms/coreloopthree/src/cognition/agentos_cognition.vcxproj"/>
		<BuildDependency Project="agentos/atoms/corekern/agentos_core.vcxproj"/>
		<BuildDependency Project="agentos/atoms/coreloopthree/agentos_coreloopthree.vcxproj"/>
		<BuildDependency Project="agentos/atoms/coreloopthree/src/execution/agentos_execution.vcxproj"/>
		<BuildDependency Project="agentos/atoms/memoryrovol/src/agentos_memoryrovol.vcxproj"/>
		<BuildDependency Project="agentos/atoms/syscall/agentos_syscall.vcxproj"/>
	</Project>
</Solution>
